{
  "name": "KK-Checkout",
  "lockfileVersion": 3,
  "requires": true,
  "packages": {
    "": {
      "dependencies": {
        "react-square-web-payments-sdk": "^3.2.4-beta.1"
      }
    },
    "node_modules/@square/web-payments-sdk-types": {
      "version": "1.78.4",
      "resolved": "https://registry.npmjs.org/@square/web-payments-sdk-types/-/web-payments-sdk-types-1.78.4.tgz",
      "integrity": "sha512-gtLNCh6dKNL+Ved4c1QQJe5OEE6rv6Lzz6j/qm3Fo1LXkoEC4O5i/3DKkNb9XZYtd7YIHf1SkGqq1h4AmOBwhQ==",
      "dependencies": {
        "typescript": "^4.9.5"
      }
    },
    "node_modules/@square/web-sdk": {
      "version": "2.1.0",
      "resolved": "https://registry.npmjs.org/@square/web-sdk/-/web-sdk-2.1.0.tgz",
      "integrity": "sha512-eeecdVyKAM01ak6zw2i1oKqOO1vMYqH/aH36XbXqleFeDImmfz9OnhrrIll8WuVN4YGSzWajUrqC8qtvQd878Q==",
      "dependencies": {
        "@square/web-payments-sdk-types": "^1.68.1"
      }
    },
    "node_modules/@stitches/react": {
      "version": "1.2.8",
      "resolved": "https://registry.npmjs.org/@stitches/react/-/react-1.2.8.tgz",
      "integrity": "sha512-9g9dWI4gsSVe8bNLlb+lMkBYsnIKCZTmvqvDG+Avnn69XfmHZKiaMrx7cgTaddq7aTPPmXiTsbFcUy0xgI4+wA==",
      "peerDependencies": {
        "react": ">= 16.3.0"
      }
    },
    "node_modules/js-tokens": {
      "version": "4.0.0",
      "resolved": "https://registry.npmjs.org/js-tokens/-/js-tokens-4.0.0.tgz",
      "integrity": "sha512-RdJUflcE3cUzKiMqQgsCu06FPu9UdIJO0beYbPhHN4k6apgJtifcoCtT9bcxOpYBtpD2kCM6Sbzg4CausW/PKQ==",
      "peer": true
    },
    "node_modules/loose-envify": {
      "version": "1.4.0",
      "resolved": "https://registry.npmjs.org/loose-envify/-/loose-envify-1.4.0.tgz",
      "integrity": "sha512-lyuxPGr/Wfhrlem2CL/UcnUc1zcqKAImBDzukY7Y5F/yQiNdko6+fRLevlw1HgMySw7f611UIY408EtxRSoK3Q==",
      "peer": true,
      "dependencies": {
        "js-tokens": "^3.0.0 || ^4.0.0"
      },
      "bin": {
        "loose-envify": "cli.js"
      }
    },
    "node_modules/react": {
      "version": "18.3.1",
      "resolved": "https://registry.npmjs.org/react/-/react-18.3.1.tgz",
      "integrity": "sha512-wS+hAgJShR0KhEvPJArfuPVN1+Hz1t0Y6n5jLrGQbkb4urgPE/0Rve+1kMB1v/oWgHgm4WIcV+i7F2pTVj+2iQ==",
      "peer": true,
      "dependencies": {
        "loose-envify": "^1.1.0"
      },
      "engines": {
        "node": ">=0.10.0"
      }
    },
    "node_modules/react-square-web-payments-sdk": {
      "version": "3.2.4-beta.1",
      "resolved": "https://registry.npmjs.org/react-square-web-payments-sdk/-/react-square-web-payments-sdk-3.2.4-beta.1.tgz",
      "integrity": "sha512-CcFBpXenTdXEbdFOPV6V6/o2BLosqS5n4eppi0eBobzqF/CgduUQ9/Ra5sihcmvz7xVUmxM8OY5iPWQsC6BH4Q==",
      "dependencies": {
        "@square/web-sdk": "^2.1.0",
        "@stitches/react": "^1.2.8"
      },
      "peerDependencies": {
        "react": "^16 || ^17 || ^18"
      }
    },
    "node_modules/typescript": {
      "version": "4.9.5",
      "resolved": "https://registry.npmjs.org/typescript/-/typescript-4.9.5.tgz",
      "integrity": "sha512-1FXk9E2Hm+QzZQ7z+McJiHL4NW1F2EzMu9Nq9i3zAaGqibafqYwCVU6WyWAuyQRRzOlxou8xZSyXLEN8oKj24g==",
      "bin": {
        "tsc": "bin/tsc",
        "tsserver": "bin/tsserver"
      },
      "engines": {
        "node": ">=4.2.0"
      }
    }
  }
}
